schema: '2.0'
stages:
  filter-tracklist:
    cmd: python src/filter_tracklist.py
    deps:
    - path: data/fma_metadata/
      md5: 8f6b6fdb905c130601c842a519e2d694.dir
      size: 1464836461
      nfiles: 12
    - path: data/fma_small
      md5: 572ddb300c2bf3bd3076ffbd731b4cb9.dir
      size: 7975472258
      nfiles: 8002
    - path: src/filter_tracklist.py
      md5: 2c01ede839363f3337eee7e26a76f2b1
      size: 456
    outs:
    - path: out/tracks_small.csv
      md5: 32a23444b5cf0f26a2066029565e9b96
      size: 1586807
  clean-up-tracklist:
    cmd: python src/clean_up_genre.py
    deps:
    - path: data/fma_metadata/
      md5: 8f6b6fdb905c130601c842a519e2d694.dir
      size: 1464836461
      nfiles: 12
    - path: out/tracks_small.csv
      md5: 32a23444b5cf0f26a2066029565e9b96
      size: 1586807
    - path: src/clean_up_genre.py
      md5: 2b0c375ab65232442e35a1eaf9e0dc6d
      size: 1018
  split-data:
    cmd: python src/split_data.py
    deps:
    - path: out/clean_tracks_small.csv
      md5: 00b3c727ca76bb816d56d51b5edb2327
      size: 231559
    - path: src/split_data.py
      md5: 9f8569d0e47f960227665748242f7573
      size: 472
    outs:
    - path: out/testing_set.csv
      md5: 165208568adfb016d4a6e3619517933b
      size: 2292
    - path: out/training_set.csv
      md5: 0803d9fe75aa08c0547b32856c382068
      size: 222054
    - path: out/validation_set.csv
      md5: 321da580719db96b915c6fc2fb32b5aa
      size: 2306
