schema: '2.0'
stages:
  filter-tracklist:
    cmd: python src/filter_tracklist.py
    deps:
    - path: data/fma_metadata/
      md5: 8f6b6fdb905c130601c842a519e2d694.dir
      size: 1464836461
      nfiles: 12
    - path: data/fma_small
      md5: 572ddb300c2bf3bd3076ffbd731b4cb9.dir
      size: 7975472258
      nfiles: 8002
    - path: src/filter_tracklist.py
      md5: 2c01ede839363f3337eee7e26a76f2b1
      size: 456
    outs:
    - path: out/tracks_small.csv
      md5: 32a23444b5cf0f26a2066029565e9b96
      size: 1586807
  clean-up-tracklist:
    cmd: python src/clean_up_genre.py
    deps:
    - path: data/fma_metadata/
      md5: 8f6b6fdb905c130601c842a519e2d694.dir
      size: 1464836461
      nfiles: 12
    - path: out/tracks_small.csv
      md5: 32a23444b5cf0f26a2066029565e9b96
      size: 1586807
    - path: src/clean_up_genre.py
      md5: 4bd631ed5e6d76b6cf5200d2b7e95dba
      size: 1122
    outs:
    - path: out/clean_tracks_small.csv
      md5: 6f8cec6b46c5484d58878fec8ff0d68f
      size: 199559
  split-data:
    cmd: python src/split_data.py
    deps:
    - path: out/clean_tracks_small.csv
      md5: 6f8cec6b46c5484d58878fec8ff0d68f
      size: 199559
    - path: src/split_data.py
      md5: a8c86c29d91b84c9da0ea436f94a0aca
      size: 637
    outs:
    - path: out/testing_set.csv
      md5: 97b999e0d17ea973c74a334f66bcb53a
      size: 2038
    - path: out/training_set.csv
      md5: fa6262ebfc2267dcb4a3ce93117b56e7
      size: 195564
    - path: out/validation_set.csv
      md5: ae89bd8206b8badcf29eb7d06c1efc1d
      size: 2037
